
Microsoft Visual Studio Solution File, Format Version 12.00
# Visual Studio Version 16
VisualStudioVersion = 16.0.29123.88
MinimumVisualStudioVersion = 10.0.40219.1
Project("{FAE04EC0-301F-11D3-BF4B-00C04F79EFBC}") = "HalalAssignement", "HalalAssignement\HalalAssignement.csproj", "{40E29940-E3E0-4AE1-94AE-AB4DB74AAFB2}"
EndProject
Global
	GlobalSection(SolutionConfigurationPlatforms) = preSolution
		Debug|Any CPU = Debug|Any CPU
		Release|Any CPU = Release|Any CPU
	EndGlobalSection
	GlobalSection(ProjectConfigurationPlatforms) = postSolution
		{40E29940-E3E0-4AE1-94AE-AB4DB74AAFB2}.Debug|Any CPU.ActiveCfg = Debug|Any CPU
		{40E29940-E3E0-4AE1-94AE-AB4DB74AAFB2}.Debug|Any CPU.Build.0 = Debug|Any CPU
		{40E29940-E3E0-4AE1-94AE-AB4DB74AAFB2}.Release|Any CPU.ActiveCfg = Release|Any CPU
		{40E29940-E3E0-4AE1-94AE-AB4DB74AAFB2}.Release|Any CPU.Build.0 = Release|Any CPU
	EndGlobalSection
	GlobalSection(SolutionProperties) = preSolution
		HideSolutionNode = FALSE
	EndGlobalSection
	GlobalSection(ExtensibilityGlobals) = postSolution
		SolutionGuid = {684EF8D3-E1A5-4D3F-A6F7-589C15BE5345}
	EndGlobalSection
EndGlobal
